
Microsoft Visual Studio Solution File, Format Version 12.00
# Visual Studio Version 17
VisualStudioVersion = 17.13.35919.96 d17.13
MinimumVisualStudioVersion = 10.0.40219.1
Project("{FAE04EC0-301F-11D3-BF4B-00C04F79EFBC}") = "PlasticCMD", "PlasticCMD.csproj", "{043DCFFA-308E-4BB9-828A-53EBF6C27185}"
EndProject
Global
	GlobalSection(SolutionConfigurationPlatforms) = preSolution
		Debug|Any CPU = Debug|Any CPU
		Release|Any CPU = Release|Any CPU
	EndGlobalSection
	GlobalSection(ProjectConfigurationPlatforms) = postSolution
		{043DCFFA-308E-4BB9-828A-53EBF6C27185}.Debug|Any CPU.ActiveCfg = Debug|Any CPU
		{043DCFFA-308E-4BB9-828A-53EBF6C27185}.Debug|Any CPU.Build.0 = Debug|Any CPU
		{043DCFFA-308E-4BB9-828A-53EBF6C27185}.Release|Any CPU.ActiveCfg = Release|Any CPU
		{043DCFFA-308E-4BB9-828A-53EBF6C27185}.Release|Any CPU.Build.0 = Release|Any CPU
	EndGlobalSection
	GlobalSection(SolutionProperties) = preSolution
		HideSolutionNode = FALSE
	EndGlobalSection
	GlobalSection(ExtensibilityGlobals) = postSolution
		SolutionGuid = {B0BC8766-24BD-444C-B5A4-F63E3E9553EF}
	EndGlobalSection
EndGlobal
